
Microsoft Visual Studio Solution File, Format Version 12.00
# Visual Studio Express 2012 for Windows Desktop
Project("{FAE04EC0-301F-11D3-BF4B-00C04F79EFBC}") = "serverHTTP", "serverHTTP\serverHTTP.csproj", "{1AEA3C7A-810F-49A3-99BD-B9858529DFA4}"
EndProject
Project("{FAE04EC0-301F-11D3-BF4B-00C04F79EFBC}") = "serwerHTTPforms", "serwerHTTPforms\serwerHTTPforms.csproj", "{809F4B81-7901-4C00-9313-761DD4D7D5DE}"
EndProject
Global
	GlobalSection(SolutionConfigurationPlatforms) = preSolution
		Debug|Any CPU = Debug|Any CPU
		Release|Any CPU = Release|Any CPU
	EndGlobalSection
	GlobalSection(ProjectConfigurationPlatforms) = postSolution
		{1AEA3C7A-810F-49A3-99BD-B9858529DFA4}.Debug|Any CPU.ActiveCfg = Debug|Any CPU
		{1AEA3C7A-810F-49A3-99BD-B9858529DFA4}.Debug|Any CPU.Build.0 = Debug|Any CPU
		{1AEA3C7A-810F-49A3-99BD-B9858529DFA4}.Release|Any CPU.ActiveCfg = Release|Any CPU
		{1AEA3C7A-810F-49A3-99BD-B9858529DFA4}.Release|Any CPU.Build.0 = Release|Any CPU
		{809F4B81-7901-4C00-9313-761DD4D7D5DE}.Debug|Any CPU.ActiveCfg = Debug|Any CPU
		{809F4B81-7901-4C00-9313-761DD4D7D5DE}.Debug|Any CPU.Build.0 = Debug|Any CPU
		{809F4B81-7901-4C00-9313-761DD4D7D5DE}.Release|Any CPU.ActiveCfg = Release|Any CPU
		{809F4B81-7901-4C00-9313-761DD4D7D5DE}.Release|Any CPU.Build.0 = Release|Any CPU
	EndGlobalSection
	GlobalSection(SolutionProperties) = preSolution
		HideSolutionNode = FALSE
	EndGlobalSection
EndGlobal
